
Microsoft Visual Studio Solution File, Format Version 10.00
# Visual Studio 2008
Project("{FAE04EC0-301F-11D3-BF4B-00C04F79EFBC}") = "UploaderConfig", "UploaderConfig.csproj", "{62E87DCC-DC5A-49C8-AE73-F7BF10AAFE99}"
EndProject
Project("{54435603-DBB4-11D2-8724-00A0C9A8B90C}") = "UploaderConfigSetup", "..\UploaderConfigSetup\UploaderConfigSetup.vdproj", "{971BE626-63B0-4648-8C64-24985FE29A85}"
	ProjectSection(ProjectDependencies) = postProject
		{62E87DCC-DC5A-49C8-AE73-F7BF10AAFE99} = {62E87DCC-DC5A-49C8-AE73-F7BF10AAFE99}
	EndProjectSection
EndProject
Global
	GlobalSection(SolutionConfigurationPlatforms) = preSolution
		Debug|Any CPU = Debug|Any CPU
		Release|Any CPU = Release|Any CPU
	EndGlobalSection
	GlobalSection(ProjectConfigurationPlatforms) = postSolution
		{62E87DCC-DC5A-49C8-AE73-F7BF10AAFE99}.Debug|Any CPU.ActiveCfg = Debug|Any CPU
		{62E87DCC-DC5A-49C8-AE73-F7BF10AAFE99}.Debug|Any CPU.Build.0 = Debug|Any CPU
		{62E87DCC-DC5A-49C8-AE73-F7BF10AAFE99}.Release|Any CPU.ActiveCfg = Release|Any CPU
		{62E87DCC-DC5A-49C8-AE73-F7BF10AAFE99}.Release|Any CPU.Build.0 = Release|Any CPU
		{971BE626-63B0-4648-8C64-24985FE29A85}.Debug|Any CPU.ActiveCfg = Debug
		{971BE626-63B0-4648-8C64-24985FE29A85}.Release|Any CPU.ActiveCfg = Release
		{971BE626-63B0-4648-8C64-24985FE29A85}.Release|Any CPU.Build.0 = Release
	EndGlobalSection
	GlobalSection(SolutionProperties) = preSolution
		HideSolutionNode = FALSE
	EndGlobalSection
EndGlobal
